
Microsoft Visual Studio Solution File, Format Version 12.00
# Visual Studio Version 17
VisualStudioVersion = 17.0.31903.59
MinimumVisualStudioVersion = 10.0.40219.1
Project("{FAE04EC0-301F-11D3-BF4B-00C04F79EFBC}") = "Dorm.API", "Dorm.API\Dorm.API.csproj", "{04D14210-9FCC-45DB-BAEF-E21626419F3A}"
EndProject
Project("{FAE04EC0-301F-11D3-BF4B-00C04F79EFBC}") = "Dorm.Application", "Dorm.Application\Dorm.Application.csproj", "{5BB15C09-261C-426E-833F-FE71F6922E2D}"
EndProject
Project("{FAE04EC0-301F-11D3-BF4B-00C04F79EFBC}") = "Dorm.Domain", "Dorm.Domain\Dorm.Domain.csproj", "{36300D21-93EF-42F3-952C-4F2F6055D2D6}"
EndProject
Project("{FAE04EC0-301F-11D3-BF4B-00C04F79EFBC}") = "Dorm.Infrastructure", "Dorm.Infrastructure\Dorm.Infrastructure.csproj", "{6F34D725-64C6-4C4C-86CB-2CD9B1E1E21B}"
EndProject
Project("{2150E333-8FDC-42A3-9474-1A3956D46DE8}") = "tests", "tests", "{0AB3BF05-4346-4AA6-1389-037BE0695223}"
EndProject
Project("{FAE04EC0-301F-11D3-BF4B-00C04F79EFBC}") = "Dorm.Application.Tests", "tests\Dorm.Application.Tests\Dorm.Application.Tests.csproj", "{A8458D7C-FC6D-4B8F-9ACB-5FC41991DEDD}"
EndProject
Global
	GlobalSection(SolutionConfigurationPlatforms) = preSolution
		Debug|Any CPU = Debug|Any CPU
		Debug|x64 = Debug|x64
		Debug|x86 = Debug|x86
		Release|Any CPU = Release|Any CPU
		Release|x64 = Release|x64
		Release|x86 = Release|x86
	EndGlobalSection
	GlobalSection(ProjectConfigurationPlatforms) = postSolution
		{04D14210-9FCC-45DB-BAEF-E21626419F3A}.Debug|Any CPU.ActiveCfg = Debug|Any CPU
		{04D14210-9FCC-45DB-BAEF-E21626419F3A}.Debug|Any CPU.Build.0 = Debug|Any CPU
		{04D14210-9FCC-45DB-BAEF-E21626419F3A}.Debug|x64.ActiveCfg = Debug|Any CPU
		{04D14210-9FCC-45DB-BAEF-E21626419F3A}.Debug|x64.Build.0 = Debug|Any CPU
		{04D14210-9FCC-45DB-BAEF-E21626419F3A}.Debug|x86.ActiveCfg = Debug|Any CPU
		{04D14210-9FCC-45DB-BAEF-E21626419F3A}.Debug|x86.Build.0 = Debug|Any CPU
		{04D14210-9FCC-45DB-BAEF-E21626419F3A}.Release|Any CPU.ActiveCfg = Release|Any CPU
		{04D14210-9FCC-45DB-BAEF-E21626419F3A}.Release|Any CPU.Build.0 = Release|Any CPU
		{04D14210-9FCC-45DB-BAEF-E21626419F3A}.Release|x64.ActiveCfg = Release|Any CPU
		{04D14210-9FCC-45DB-BAEF-E21626419F3A}.Release|x64.Build.0 = Release|Any CPU
		{04D14210-9FCC-45DB-BAEF-E21626419F3A}.Release|x86.ActiveCfg = Release|Any CPU
		{04D14210-9FCC-45DB-BAEF-E21626419F3A}.Release|x86.Build.0 = Release|Any CPU
		{5BB15C09-261C-426E-833F-FE71F6922E2D}.Debug|Any CPU.ActiveCfg = Debug|Any CPU
		{5BB15C09-261C-426E-833F-FE71F6922E2D}.Debug|Any CPU.Build.0 = Debug|Any CPU
		{5BB15C09-261C-426E-833F-FE71F6922E2D}.Debug|x64.ActiveCfg = Debug|Any CPU
		{5BB15C09-261C-426E-833F-FE71F6922E2D}.Debug|x64.Build.0 = Debug|Any CPU
		{5BB15C09-261C-426E-833F-FE71F6922E2D}.Debug|x86.ActiveCfg = Debug|Any CPU
		{5BB15C09-261C-426E-833F-FE71F6922E2D}.Debug|x86.Build.0 = Debug|Any CPU
		{5BB15C09-261C-426E-833F-FE71F6922E2D}.Release|Any CPU.ActiveCfg = Release|Any CPU
		{5BB15C09-261C-426E-833F-FE71F6922E2D}.Release|Any CPU.Build.0 = Release|Any CPU
		{5BB15C09-261C-426E-833F-FE71F6922E2D}.Release|x64.ActiveCfg = Release|Any CPU
		{5BB15C09-261C-426E-833F-FE71F6922E2D}.Release|x64.Build.0 = Release|Any CPU
		{5BB15C09-261C-426E-833F-FE71F6922E2D}.Release|x86.ActiveCfg = Release|Any CPU
		{5BB15C09-261C-426E-833F-FE71F6922E2D}.Release|x86.Build.0 = Release|Any CPU
		{36300D21-93EF-42F3-952C-4F2F6055D2D6}.Debug|Any CPU.ActiveCfg = Debug|Any CPU
		{36300D21-93EF-42F3-952C-4F2F6055D2D6}.Debug|Any CPU.Build.0 = Debug|Any CPU
		{36300D21-93EF-42F3-952C-4F2F6055D2D6}.Debug|x64.ActiveCfg = Debug|Any CPU
		{36300D21-93EF-42F3-952C-4F2F6055D2D6}.Debug|x64.Build.0 = Debug|Any CPU
		{36300D21-93EF-42F3-952C-4F2F6055D2D6}.Debug|x86.ActiveCfg = Debug|Any CPU
		{36300D21-93EF-42F3-952C-4F2F6055D2D6}.Debug|x86.Build.0 = Debug|Any CPU
		{36300D21-93EF-42F3-952C-4F2F6055D2D6}.Release|Any CPU.ActiveCfg = Release|Any CPU
		{36300D21-93EF-42F3-952C-4F2F6055D2D6}.Release|Any CPU.Build.0 = Release|Any CPU
		{36300D21-93EF-42F3-952C-4F2F6055D2D6}.Release|x64.ActiveCfg = Release|Any CPU
		{36300D21-93EF-42F3-952C-4F2F6055D2D6}.Release|x64.Build.0 = Release|Any CPU
		{36300D21-93EF-42F3-952C-4F2F6055D2D6}.Release|x86.ActiveCfg = Release|Any CPU
		{36300D21-93EF-42F3-952C-4F2F6055D2D6}.Release|x86.Build.0 = Release|Any CPU
		{6F34D725-64C6-4C4C-86CB-2CD9B1E1E21B}.Debug|Any CPU.ActiveCfg = Debug|Any CPU
		{6F34D725-64C6-4C4C-86CB-2CD9B1E1E21B}.Debug|Any CPU.Build.0 = Debug|Any CPU
		{6F34D725-64C6-4C4C-86CB-2CD9B1E1E21B}.Debug|x64.ActiveCfg = Debug|Any CPU
		{6F34D725-64C6-4C4C-86CB-2CD9B1E1E21B}.Debug|x64.Build.0 = Debug|Any CPU
		{6F34D725-64C6-4C4C-86CB-2CD9B1E1E21B}.Debug|x86.ActiveCfg = Debug|Any CPU
		{6F34D725-64C6-4C4C-86CB-2CD9B1E1E21B}.Debug|x86.Build.0 = Debug|Any CPU
		{6F34D725-64C6-4C4C-86CB-2CD9B1E1E21B}.Release|Any CPU.ActiveCfg = Release|Any CPU
		{6F34D725-64C6-4C4C-86CB-2CD9B1E1E21B}.Release|Any CPU.Build.0 = Release|Any CPU
		{6F34D725-64C6-4C4C-86CB-2CD9B1E1E21B}.Release|x64.ActiveCfg = Release|Any CPU
		{6F34D725-64C6-4C4C-86CB-2CD9B1E1E21B}.Release|x64.Build.0 = Release|Any CPU
		{6F34D725-64C6-4C4C-86CB-2CD9B1E1E21B}.Release|x86.ActiveCfg = Release|Any CPU
		{6F34D725-64C6-4C4C-86CB-2CD9B1E1E21B}.Release|x86.Build.0 = Release|Any CPU
		{A8458D7C-FC6D-4B8F-9ACB-5FC41991DEDD}.Debug|Any CPU.ActiveCfg = Debug|Any CPU
		{A8458D7C-FC6D-4B8F-9ACB-5FC41991DEDD}.Debug|Any CPU.Build.0 = Debug|Any CPU
		{A8458D7C-FC6D-4B8F-9ACB-5FC41991DEDD}.Debug|x64.ActiveCfg = Debug|Any CPU
		{A8458D7C-FC6D-4B8F-9ACB-5FC41991DEDD}.Debug|x64.Build.0 = Debug|Any CPU
		{A8458D7C-FC6D-4B8F-9ACB-5FC41991DEDD}.Debug|x86.ActiveCfg = Debug|Any CPU
		{A8458D7C-FC6D-4B8F-9ACB-5FC41991DEDD}.Debug|x86.Build.0 = Debug|Any CPU
		{A8458D7C-FC6D-4B8F-9ACB-5FC41991DEDD}.Release|Any CPU.ActiveCfg = Release|Any CPU
		{A8458D7C-FC6D-4B8F-9ACB-5FC41991DEDD}.Release|Any CPU.Build.0 = Release|Any CPU
		{A8458D7C-FC6D-4B8F-9ACB-5FC41991DEDD}.Release|x64.ActiveCfg = Release|Any CPU
		{A8458D7C-FC6D-4B8F-9ACB-5FC41991DEDD}.Release|x64.Build.0 = Release|Any CPU
		{A8458D7C-FC6D-4B8F-9ACB-5FC41991DEDD}.Release|x86.ActiveCfg = Release|Any CPU
		{A8458D7C-FC6D-4B8F-9ACB-5FC41991DEDD}.Release|x86.Build.0 = Release|Any CPU
	EndGlobalSection
	GlobalSection(SolutionProperties) = preSolution
		HideSolutionNode = FALSE
	EndGlobalSection
	GlobalSection(NestedProjects) = preSolution
		{A8458D7C-FC6D-4B8F-9ACB-5FC41991DEDD} = {0AB3BF05-4346-4AA6-1389-037BE0695223}
	EndGlobalSection
EndGlobal
